// !$*UTF8*$!
{
	archiveVersion = 1;
	classes = {
	};
	objectVersion = 77;
	objects = {

/* Begin PBXBuildFile section */
		0D0BF2632DBB89CD0017701F /* Auth in Frameworks */ = {isa = PBXBuildFile; productRef = 0D0BF2622DBB89CD0017701F /* Auth */; };
		0D0BF2652DBB89CD0017701F /* Functions in Frameworks */ = {isa = PBXBuildFile; productRef = 0D0BF2642DBB89CD0017701F /* Functions */; };
		0D0BF2672DBB89CD0017701F /* PostgREST in Frameworks */ = {isa = PBXBuildFile; productRef = 0D0BF2662DBB89CD0017701F /* PostgREST */; };
		0D0BF2692DBB89CD0017701F /* Realtime in Frameworks */ = {isa = PBXBuildFile; productRef = 0D0BF2682DBB89CD0017701F /* Realtime */; };
		0D0BF26B2DBB89CD0017701F /* Storage in Frameworks */ = {isa = PBXBuildFile; productRef = 0D0BF26A2DBB89CD0017701F /* Storage */; };
		0D0BF26E2DBB8E860017701F /* Supabase in Frameworks */ = {isa = PBXBuildFile; productRef = 0D0BF26D2DBB8E860017701F /* Supabase */; };
		0DFD2D072DDBDFB300404F73 /* GoogleSignIn in Frameworks */ = {isa = PBXBuildFile; productRef = 0DFD2D062DDBDFB300404F73 /* GoogleSignIn */; };
		0DFD2D092DDBDFB300404F73 /* GoogleSignInSwift in Frameworks */ = {isa = PBXBuildFile; productRef = 0DFD2D082DDBDFB300404F73 /* GoogleSignInSwift */; };
/* End PBXBuildFile section */

/* Begin PBXContainerItemProxy section */
		0DFB91632DBB129F00562139 /* PBXContainerItemProxy */ = {
			isa = PBXContainerItemProxy;
			containerPortal = 0DFB914D2DBB129E00562139 /* Project object */;
			proxyType = 1;
			remoteGlobalIDString = 0DFB91542DBB129E00562139;
			remoteInfo = "running-club-latest";
		};
		0DFB916D2DBB129F00562139 /* PBXContainerItemProxy */ = {
			isa = PBXContainerItemProxy;
			containerPortal = 0DFB914D2DBB129E00562139 /* Project object */;
			proxyType = 1;
			remoteGlobalIDString = 0DFB91542DBB129E00562139;
			remoteInfo = "running-club-latest";
		};
/* End PBXContainerItemProxy section */

/* Begin PBXFileReference section */
		0DFB91552DBB129E00562139 /* running-club-latest.app */ = {isa = PBXFileReference; explicitFileType = wrapper.application; includeInIndex = 0; path = "running-club-latest.app"; sourceTree = BUILT_PRODUCTS_DIR; };
		0DFB91622DBB129F00562139 /* running-club-latestTests.xctest */ = {isa = PBXFileReference; explicitFileType = wrapper.cfbundle; includeInIndex = 0; path = "running-club-latestTests.xctest"; sourceTree = BUILT_PRODUCTS_DIR; };
		0DFB916C2DBB129F00562139 /* running-club-latestUITests.xctest */ = {isa = PBXFileReference; explicitFileType = wrapper.cfbundle; includeInIndex = 0; path = "running-club-latestUITests.xctest"; sourceTree = BUILT_PRODUCTS_DIR; };
/* End PBXFileReference section */

/* Begin PBXFileSystemSynchronizedBuildFileExceptionSet section */
		0D0BF2742DBBC5BE0017701F /* Exceptions for "running-club-latest" folder in "running-club-latest" target */ = {
			isa = PBXFileSystemSynchronizedBuildFileExceptionSet;
			membershipExceptions = (
				Info.plist,
			);
			target = 0DFB91542DBB129E00562139 /* running-club-latest */;
		};
/* End PBXFileSystemSynchronizedBuildFileExceptionSet section */

/* Begin PBXFileSystemSynchronizedRootGroup section */
		0DFB91572DBB129E00562139 /* running-club-latest */ = {
			isa = PBXFileSystemSynchronizedRootGroup;
			exceptions = (
				0D0BF2742DBBC5BE0017701F /* Exceptions for "running-club-latest" folder in "running-club-latest" target */,
			);
			path = "running-club-latest";
			sourceTree = "<group>";
		};
		0DFB91652DBB129F00562139 /* running-club-latestTests */ = {
			isa = PBXFileSystemSynchronizedRootGroup;
			path = "running-club-latestTests";
			sourceTree = "<group>";
		};
		0DFB916F2DBB129F00562139 /* running-club-latestUITests */ = {
			isa = PBXFileSystemSynchronizedRootGroup;
			path = "running-club-latestUITests";
			sourceTree = "<group>";
		};
/* End PBXFileSystemSynchronizedRootGroup section */

/* Begin PBXFrameworksBuildPhase section */
		0DFB91522DBB129E00562139 /* Frameworks */ = {
			isa = PBXFrameworksBuildPhase;
			buildActionMask = 2147483647;
			files = (
				0D0BF2672DBB89CD0017701F /* PostgREST in Frameworks */,
				0D0BF2652DBB89CD0017701F /* Functions in Frameworks */,
				0D0BF26E2DBB8E860017701F /* Supabase in Frameworks */,
				0DFD2D092DDBDFB300404F73 /* GoogleSignInSwift in Frameworks */,
				0D0BF2632DBB89CD0017701F /* Auth in Frameworks */,
				0D0BF26B2DBB89CD0017701F /* Storage in Frameworks */,
				0D0BF2692DBB89CD0017701F /* Realtime in Frameworks */,
				0DFD2D072DDBDFB300404F73 /* GoogleSignIn in Frameworks */,
			);
			runOnlyForDeploymentPostprocessing = 0;
		};
		0DFB915F2DBB129F00562139 /* Frameworks */ = {
			isa = PBXFrameworksBuildPhase;
			buildActionMask = 2147483647;
			files = (
			);
			runOnlyForDeploymentPostprocessing = 0;
		};
		0DFB91692DBB129F00562139 /* Frameworks */ = {
			isa = PBXFrameworksBuildPhase;
			buildActionMask = 2147483647;
			files = (
			);
			runOnlyForDeploymentPostprocessing = 0;
		};
/* End PBXFrameworksBuildPhase section */

/* Begin PBXGroup section */
		0D0BF26C2DBB8E860017701F /* Frameworks */ = {
			isa = PBXGroup;
			children = (
			);
			name = Frameworks;
			sourceTree = "<group>";
		};
		0DFB914C2DBB129E00562139 = {
			isa = PBXGroup;
			children = (
				0DFB91572DBB129E00562139 /* running-club-latest */,
				0DFB91652DBB129F00562139 /* running-club-latestTests */,
				0DFB916F2DBB129F00562139 /* running-club-latestUITests */,
				0D0BF26C2DBB8E860017701F /* Frameworks */,
				0DFB91562DBB129E00562139 /* Products */,
			);
			sourceTree = "<group>";
		};
		0DFB91562DBB129E00562139 /* Products */ = {
			isa = PBXGroup;
			children = (
				0DFB91552DBB129E00562139 /* running-club-latest.app */,
				0DFB91622DBB129F00562139 /* running-club-latestTests.xctest */,
				0DFB916C2DBB129F00562139 /* running-club-latestUITests.xctest */,
			);
			name = Products;
			sourceTree = "<group>";
		};
/* End PBXGroup section */

/* Begin PBXNativeTarget section */
		0DFB91542DBB129E00562139 /* running-club-latest */ = {
			isa = PBXNativeTarget;
			buildConfigurationList = 0DFB91762DBB129F00562139 /* Build configuration list for PBXNativeTarget "running-club-latest" */;
			buildPhases = (
				0DFB91512DBB129E00562139 /* Sources */,
				0DFB91522DBB129E00562139 /* Frameworks */,
				0DFB91532DBB129E00562139 /* Resources */,
			);
			buildRules = (
			);
			dependencies = (
			);
			fileSystemSynchronizedGroups = (
				0DFB91572DBB129E00562139 /* running-club-latest */,
			);
			name = "running-club-latest";
			packageProductDependencies = (
				0D0BF2622DBB89CD0017701F /* Auth */,
				0D0BF2642DBB89CD0017701F /* Functions */,
				0D0BF2662DBB89CD0017701F /* PostgREST */,
				0D0BF2682DBB89CD0017701F /* Realtime */,
				0D0BF26A2DBB89CD0017701F /* Storage */,
				0D0BF26D2DBB8E860017701F /* Supabase */,
				0DFD2D062DDBDFB300404F73 /* GoogleSignIn */,
				0DFD2D082DDBDFB300404F73 /* GoogleSignInSwift */,
			);
			productName = "running-club-latest";
			productReference = 0DFB91552DBB129E00562139 /* running-club-latest.app */;
			productType = "com.apple.product-type.application";
		};
		0DFB91612DBB129F00562139 /* running-club-latestTests */ = {
			isa = PBXNativeTarget;
			buildConfigurationList = 0DFB91792DBB129F00562139 /* Build configuration list for PBXNativeTarget "running-club-latestTests" */;
			buildPhases = (
				0DFB915E2DBB129F00562139 /* Sources */,
				0DFB915F2DBB129F00562139 /* Frameworks */,
				0DFB91602DBB129F00562139 /* Resources */,
			);
			buildRules = (
			);
			dependencies = (
				0DFB91642DBB129F00562139 /* PBXTargetDependency */,
			);
			fileSystemSynchronizedGroups = (
				0DFB91652DBB129F00562139 /* running-club-latestTests */,
			);
			name = "running-club-latestTests";
			packageProductDependencies = (
			);
			productName = "running-club-latestTests";
			productReference = 0DFB91622DBB129F00562139 /* running-club-latestTests.xctest */;
			productType = "com.apple.product-type.bundle.unit-test";
		};
		0DFB916B2DBB129F00562139 /* running-club-latestUITests */ = {
			isa = PBXNativeTarget;
			buildConfigurationList = 0DFB917C2DBB129F00562139 /* Build configuration list for PBXNativeTarget "running-club-latestUITests" */;
			buildPhases = (
				0DFB91682DBB129F00562139 /* Sources */,
				0DFB91692DBB129F00562139 /* Frameworks */,
				0DFB916A2DBB129F00562139 /* Resources */,
			);
			buildRules = (
			);
			dependencies = (
				0DFB916E2DBB129F00562139 /* PBXTargetDependency */,
			);
			fileSystemSynchronizedGroups = (
				0DFB916F2DBB129F00562139 /* running-club-latestUITests */,
			);
			name = "running-club-latestUITests";
			packageProductDependencies = (
			);
			productName = "running-club-latestUITests";
			productReference = 0DFB916C2DBB129F00562139 /* running-club-latestUITests.xctest */;
			productType = "com.apple.product-type.bundle.ui-testing";
		};
/* End PBXNativeTarget section */

/* Begin PBXProject section */
		0DFB914D2DBB129E00562139 /* Project object */ = {
			isa = PBXProject;
			attributes = {
				BuildIndependentTargetsInParallel = 1;
				LastSwiftUpdateCheck = 1630;
				LastUpgradeCheck = 1630;
				TargetAttributes = {
					0DFB91542DBB129E00562139 = {
						CreatedOnToolsVersion = 16.3;
					};
					0DFB91612DBB129F00562139 = {
						CreatedOnToolsVersion = 16.3;
						TestTargetID = 0DFB91542DBB129E00562139;
					};
					0DFB916B2DBB129F00562139 = {
						CreatedOnToolsVersion = 16.3;
						TestTargetID = 0DFB91542DBB129E00562139;
					};
				};
			};
			buildConfigurationList = 0DFB91502DBB129E00562139 /* Build configuration list for PBXProject "com.running-club-latest" */;
			developmentRegion = en;
			hasScannedForEncodings = 0;
			knownRegions = (
				en,
				Base,
			);
			mainGroup = 0DFB914C2DBB129E00562139;
			minimizedProjectReferenceProxies = 1;
			packageReferences = (
				0D0BF2612DBB89CD0017701F /* XCRemoteSwiftPackageReference "supabase-swift" */,
				0DFD2D052DDBDF8800404F73 /* XCRemoteSwiftPackageReference "GoogleSignIn-iOS" */,
			);
			preferredProjectObjectVersion = 77;
			productRefGroup = 0DFB91562DBB129E00562139 /* Products */;
			projectDirPath = "";
			projectRoot = "";
			targets = (
				0DFB91542DBB129E00562139 /* running-club-latest */,
				0DFB91612DBB129F00562139 /* running-club-latestTests */,
				0DFB916B2DBB129F00562139 /* running-club-latestUITests */,
			);
		};
/* End PBXProject section */

/* Begin PBXResourcesBuildPhase section */
		0DFB91532DBB129E00562139 /* Resources */ = {
			isa = PBXResourcesBuildPhase;
			buildActionMask = 2147483647;
			files = (
			);
			runOnlyForDeploymentPostprocessing = 0;
		};
		0DFB91602DBB129F00562139 /* Resources */ = {
			isa = PBXResourcesBuildPhase;
			buildActionMask = 2147483647;
			files = (
			);
			runOnlyForDeploymentPostprocessing = 0;
		};
		0DFB916A2DBB129F00562139 /* Resources */ = {
			isa = PBXResourcesBuildPhase;
			buildActionMask = 2147483647;
			files = (
			);
			runOnlyForDeploymentPostprocessing = 0;
		};
/* End PBXResourcesBuildPhase section */

/* Begin PBXSourcesBuildPhase section */
		0DFB91512DBB129E00562139 /* Sources */ = {
			isa = PBXSourcesBuildPhase;
			buildActionMask = 2147483647;
			files = (
			);
			runOnlyForDeploymentPostprocessing = 0;
		};
		0DFB915E2DBB129F00562139 /* Sources */ = {
			isa = PBXSourcesBuildPhase;
			buildActionMask = 2147483647;
			files = (
			);
			runOnlyForDeploymentPostprocessing = 0;
		};
		0DFB91682DBB129F00562139 /* Sources */ = {
			isa = PBXSourcesBuildPhase;
			buildActionMask = 2147483647;
			files = (
			);
			runOnlyForDeploymentPostprocessing = 0;
		};
/* End PBXSourcesBuildPhase section */

/* Begin PBXTargetDependency section */
		0DFB91642DBB129F00562139 /* PBXTargetDependency */ = {
			isa = PBXTargetDependency;
			target = 0DFB91542DBB129E00562139 /* running-club-latest */;
			targetProxy = 0DFB91632DBB129F00562139 /* PBXContainerItemProxy */;
		};
		0DFB916E2DBB129F00562139 /* PBXTargetDependency */ = {
			isa = PBXTargetDependency;
			target = 0DFB91542DBB129E00562139 /* running-club-latest */;
			targetProxy = 0DFB916D2DBB129F00562139 /* PBXContainerItemProxy */;
		};
/* End PBXTargetDependency section */

/* Begin XCBuildConfiguration section */
		0DFB91742DBB129F00562139 /* Debug */ = {
			isa = XCBuildConfiguration;
			buildSettings = {
				ALWAYS_EMBED_SWIFT_STANDARD_LIBRARIES = YES;
				ALWAYS_SEARCH_USER_PATHS = NO;
				ASSETCATALOG_COMPILER_GENERATE_SWIFT_ASSET_SYMBOL_EXTENSIONS = YES;
				CLANG_ANALYZER_NONNULL = YES;
				CLANG_ANALYZER_NUMBER_OBJECT_CONVERSION = YES_AGGRESSIVE;
				CLANG_CXX_LANGUAGE_STANDARD = "gnu++20";
				CLANG_ENABLE_MODULES = YES;
				CLANG_ENABLE_OBJC_ARC = YES;
				CLANG_ENABLE_OBJC_WEAK = YES;
				CLANG_WARN_BLOCK_CAPTURE_AUTORELEASING = YES;
				CLANG_WARN_BOOL_CONVERSION = YES;
				CLANG_WARN_COMMA = YES;
				CLANG_WARN_CONSTANT_CONVERSION = YES;
				CLANG_WARN_DEPRECATED_OBJC_IMPLEMENTATIONS = YES;
				CLANG_WARN_DIRECT_OBJC_ISA_USAGE = YES_ERROR;
				CLANG_WARN_DOCUMENTATION_COMMENTS = YES;
				CLANG_WARN_EMPTY_BODY = YES;
				CLANG_WARN_ENUM_CONVERSION = YES;
				CLANG_WARN_INFINITE_RECURSION = YES;
				CLANG_WARN_INT_CONVERSION = YES;
				CLANG_WARN_NON_LITERAL_NULL_CONVERSION = YES;
				CLANG_WARN_OBJC_IMPLICIT_RETAIN_SELF = YES;
				CLANG_WARN_OBJC_LITERAL_CONVERSION = YES;
				CLANG_WARN_OBJC_ROOT_CLASS = YES_ERROR;
				CLANG_WARN_QUOTED_INCLUDE_IN_FRAMEWORK_HEADER = YES;
				CLANG_WARN_RANGE_LOOP_ANALYSIS = YES;
				CLANG_WARN_STRICT_PROTOTYPES = YES;
				CLANG_WARN_SUSPICIOUS_MOVE = YES;
				CLANG_WARN_UNGUARDED_AVAILABILITY = YES_AGGRESSIVE;
				CLANG_WARN_UNREACHABLE_CODE = YES;
				CLANG_WARN__DUPLICATE_METHOD_MATCH = YES;
				COPY_PHASE_STRIP = NO;
				DEBUG_INFORMATION_FORMAT = dwarf;
				ENABLE_STRICT_OBJC_MSGSEND = YES;
				ENABLE_TESTABILITY = YES;
				ENABLE_USER_SCRIPT_SANDBOXING = YES;
				GCC_C_LANGUAGE_STANDARD = gnu17;
				GCC_DYNAMIC_NO_PIC = NO;
				GCC_NO_COMMON_BLOCKS = YES;
				GCC_OPTIMIZATION_LEVEL = 0;
				GCC_PREPROCESSOR_DEFINITIONS = (
					"DEBUG=1",
					"$(inherited)",
				);
				GCC_WARN_64_TO_32_BIT_CONVERSION = YES;
				GCC_WARN_ABOUT_RETURN_TYPE = YES_ERROR;
				GCC_WARN_UNDECLARED_SELECTOR = YES;
				GCC_WARN_UNINITIALIZED_AUTOS = YES_AGGRESSIVE;
				GCC_WARN_UNUSED_FUNCTION = YES;
				GCC_WARN_UNUSED_VARIABLE = YES;
				IPHONEOS_DEPLOYMENT_TARGET = 18.4;
				LOCALIZATION_PREFERS_STRING_CATALOGS = YES;
				MTL_ENABLE_DEBUG_INFO = INCLUDE_SOURCE;
				MTL_FAST_MATH = YES;
				ONLY_ACTIVE_ARCH = YES;
				SDKROOT = iphoneos;
				SWIFT_ACTIVE_COMPILATION_CONDITIONS = "DEBUG $(inherited)";
				SWIFT_OPTIMIZATION_LEVEL = "-Onone";
			};
			name = Debug;
		};
		0DFB91752DBB129F00562139 /* Release */ = {
			isa = XCBuildConfiguration;
			buildSettings = {
				ALWAYS_EMBED_SWIFT_STANDARD_LIBRARIES = YES;
				ALWAYS_SEARCH_USER_PATHS = NO;
				ASSETCATALOG_COMPILER_GENERATE_SWIFT_ASSET_SYMBOL_EXTENSIONS = YES;
				CLANG_ANALYZER_NONNULL = YES;
				CLANG_ANALYZER_NUMBER_OBJECT_CONVERSION = YES_AGGRESSIVE;
				CLANG_CXX_LANGUAGE_STANDARD = "gnu++20";
				CLANG_ENABLE_MODULES = YES;
				CLANG_ENABLE_OBJC_ARC = YES;
				CLANG_ENABLE_OBJC_WEAK = YES;
				CLANG_WARN_BLOCK_CAPTURE_AUTORELEASING = YES;
				CLANG_WARN_BOOL_CONVERSION = YES;
				CLANG_WARN_COMMA = YES;
				CLANG_WARN_CONSTANT_CONVERSION = YES;
				CLANG_WARN_DEPRECATED_OBJC_IMPLEMENTATIONS = YES;
				CLANG_WARN_DIRECT_OBJC_ISA_USAGE = YES_ERROR;
				CLANG_WARN_DOCUMENTATION_COMMENTS = YES;
				CLANG_WARN_EMPTY_BODY = YES;
				CLANG_WARN_ENUM_CONVERSION = YES;
				CLANG_WARN_INFINITE_RECURSION = YES;
				CLANG_WARN_INT_CONVERSION = YES;
				CLANG_WARN_NON_LITERAL_NULL_CONVERSION = YES;
				CLANG_WARN_OBJC_IMPLICIT_RETAIN_SELF = YES;
				CLANG_WARN_OBJC_LITERAL_CONVERSION = YES;
				CLANG_WARN_OBJC_ROOT_CLASS = YES_ERROR;
				CLANG_WARN_QUOTED_INCLUDE_IN_FRAMEWORK_HEADER = YES;
				CLANG_WARN_RANGE_LOOP_ANALYSIS = YES;
				CLANG_WARN_STRICT_PROTOTYPES = YES;
				CLANG_WARN_SUSPICIOUS_MOVE = YES;
				CLANG_WARN_UNGUARDED_AVAILABILITY = YES_AGGRESSIVE;
				CLANG_WARN_UNREACHABLE_CODE = YES;
				CLANG_WARN__DUPLICATE_METHOD_MATCH = YES;
				COPY_PHASE_STRIP = NO;
				DEBUG_INFORMATION_FORMAT = "dwarf-with-dsym";
				ENABLE_NS_ASSERTIONS = NO;
				ENABLE_STRICT_OBJC_MSGSEND = YES;
				ENABLE_USER_SCRIPT_SANDBOXING = YES;
				GCC_C_LANGUAGE_STANDARD = gnu17;
				GCC_NO_COMMON_BLOCKS = YES;
				GCC_WARN_64_TO_32_BIT_CONVERSION = YES;
				GCC_WARN_ABOUT_RETURN_TYPE = YES_ERROR;
				GCC_WARN_UNDECLARED_SELECTOR = YES;
				GCC_WARN_UNINITIALIZED_AUTOS = YES_AGGRESSIVE;
				GCC_WARN_UNUSED_FUNCTION = YES;
				GCC_WARN_UNUSED_VARIABLE = YES;
				IPHONEOS_DEPLOYMENT_TARGET = 18.4;
				LOCALIZATION_PREFERS_STRING_CATALOGS = YES;
				MTL_ENABLE_DEBUG_INFO = NO;
				MTL_FAST_MATH = YES;
				SDKROOT = iphoneos;
				SWIFT_COMPILATION_MODE = wholemodule;
				VALIDATE_PRODUCT = YES;
			};
			name = Release;
		};
		0DFB91772DBB129F00562139 /* Debug */ = {
			isa = XCBuildConfiguration;
			buildSettings = {
				ASSETCATALOG_COMPILER_APPICON_NAME = AppIcon;
				ASSETCATALOG_COMPILER_GLOBAL_ACCENT_COLOR_NAME = AccentColor;
				CODE_SIGN_ENTITLEMENTS = "running-club-latest/running-club-latest.entitlements";
				CODE_SIGN_STYLE = Automatic;
				CURRENT_PROJECT_VERSION = 1;
				DEVELOPMENT_TEAM = A5Y588G4YX;
				ENABLE_PREVIEWS = YES;
				GENERATE_INFOPLIST_FILE = YES;
				INFOPLIST_FILE = "running-club-latest/Info.plist";
				INFOPLIST_KEY_NSHealthShareUsageDescription = "Please allow access to enjoy your app";
				INFOPLIST_KEY_NSHealthUpdateUsageDescription = "Please allow access to enjoy your app";
				INFOPLIST_KEY_UIApplicationSceneManifest_Generation = YES;
				INFOPLIST_KEY_UIApplicationSupportsIndirectInputEvents = YES;
				INFOPLIST_KEY_UILaunchScreen_Generation = YES;
				INFOPLIST_KEY_UISupportedInterfaceOrientations_iPad = "UIInterfaceOrientationPortrait UIInterfaceOrientationPortraitUpsideDown UIInterfaceOrientationLandscapeLeft UIInterfaceOrientationLandscapeRight";
				INFOPLIST_KEY_UISupportedInterfaceOrientations_iPhone = "UIInterfaceOrientationPortrait UIInterfaceOrientationLandscapeLeft UIInterfaceOrientationLandscapeRight";
				LD_RUNPATH_SEARCH_PATHS = (
					"$(inherited)",
					"@executable_path/Frameworks",
				);
				MARKETING_VERSION = 1.0;
				PRODUCT_BUNDLE_IDENTIFIER = "com.running-club-latest";
				PRODUCT_NAME = "$(TARGET_NAME)";
				SWIFT_EMIT_LOC_STRINGS = YES;
				SWIFT_VERSION = 5.0;
				TARGETED_DEVICE_FAMILY = "1,2";
			};
			name = Debug;
		};
		0DFB91782DBB129F00562139 /* Release */ = {
			isa = XCBuildConfiguration;
			buildSettings = {
				ASSETCATALOG_COMPILER_APPICON_NAME = AppIcon;
				ASSETCATALOG_COMPILER_GLOBAL_ACCENT_COLOR_NAME = AccentColor;
				CODE_SIGN_ENTITLEMENTS = "running-club-latest/running-club-latest.entitlements";
				CODE_SIGN_STYLE = Automatic;
				CURRENT_PROJECT_VERSION = 1;
				DEVELOPMENT_TEAM = A5Y588G4YX;
				ENABLE_PREVIEWS = YES;
				GENERATE_INFOPLIST_FILE = YES;
				INFOPLIST_FILE = "running-club-latest/Info.plist";
				INFOPLIST_KEY_NSHealthShareUsageDescription = "Please allow access to enjoy your app";
				INFOPLIST_KEY_NSHealthUpdateUsageDescription = "Please allow access to enjoy your app";
				INFOPLIST_KEY_UIApplicationSceneManifest_Generation = YES;
				INFOPLIST_KEY_UIApplicationSupportsIndirectInputEvents = YES;
				INFOPLIST_KEY_UILaunchScreen_Generation = YES;
				INFOPLIST_KEY_UISupportedInterfaceOrientations_iPad = "UIInterfaceOrientationPortrait UIInterfaceOrientationPortraitUpsideDown UIInterfaceOrientationLandscapeLeft UIInterfaceOrientationLandscapeRight";
				INFOPLIST_KEY_UISupportedInterfaceOrientations_iPhone = "UIInterfaceOrientationPortrait UIInterfaceOrientationLandscapeLeft UIInterfaceOrientationLandscapeRight";
				LD_RUNPATH_SEARCH_PATHS = (
					"$(inherited)",
					"@executable_path/Frameworks",
				);
				MARKETING_VERSION = 1.0;
				PRODUCT_BUNDLE_IDENTIFIER = "com.running-club-latest";
				PRODUCT_NAME = "$(TARGET_NAME)";
				SWIFT_EMIT_LOC_STRINGS = YES;
				SWIFT_VERSION = 5.0;
				TARGETED_DEVICE_FAMILY = "1,2";
			};
			name = Release;
		};
		0DFB917A2DBB129F00562139 /* Debug */ = {
			isa = XCBuildConfiguration;
			buildSettings = {
				BUNDLE_LOADER = "$(TEST_HOST)";
				CODE_SIGN_STYLE = Automatic;
				CURRENT_PROJECT_VERSION = 1;
				GENERATE_INFOPLIST_FILE = YES;
				IPHONEOS_DEPLOYMENT_TARGET = 18.4;
				MARKETING_VERSION = 1.0;
				PRODUCT_BUNDLE_IDENTIFIER = "com.running-club-latestTests";
				PRODUCT_NAME = "$(TARGET_NAME)";
				SWIFT_EMIT_LOC_STRINGS = NO;
				SWIFT_VERSION = 5.0;
				TARGETED_DEVICE_FAMILY = "1,2";
				TEST_HOST = "$(BUILT_PRODUCTS_DIR)/running-club-latest.app/$(BUNDLE_EXECUTABLE_FOLDER_PATH)/running-club-latest";
			};
			name = Debug;
		};
		0DFB917B2DBB129F00562139 /* Release */ = {
			isa = XCBuildConfiguration;
			buildSettings = {
				BUNDLE_LOADER = "$(TEST_HOST)";
				CODE_SIGN_STYLE = Automatic;
				CURRENT_PROJECT_VERSION = 1;
				GENERATE_INFOPLIST_FILE = YES;
				IPHONEOS_DEPLOYMENT_TARGET = 18.4;
				MARKETING_VERSION = 1.0;
				PRODUCT_BUNDLE_IDENTIFIER = "com.running-club-latestTests";
				PRODUCT_NAME = "$(TARGET_NAME)";
				SWIFT_EMIT_LOC_STRINGS = NO;
				SWIFT_VERSION = 5.0;
				TARGETED_DEVICE_FAMILY = "1,2";
				TEST_HOST = "$(BUILT_PRODUCTS_DIR)/running-club-latest.app/$(BUNDLE_EXECUTABLE_FOLDER_PATH)/running-club-latest";
			};
			name = Release;
		};
		0DFB917D2DBB129F00562139 /* Debug */ = {
			isa = XCBuildConfiguration;
			buildSettings = {
				CODE_SIGN_STYLE = Automatic;
				CURRENT_PROJECT_VERSION = 1;
				GENERATE_INFOPLIST_FILE = YES;
				MARKETING_VERSION = 1.0;
				PRODUCT_BUNDLE_IDENTIFIER = "com.running-club-latestUITests";
				PRODUCT_NAME = "$(TARGET_NAME)";
				SWIFT_EMIT_LOC_STRINGS = NO;
				SWIFT_VERSION = 5.0;
				TARGETED_DEVICE_FAMILY = "1,2";
				TEST_TARGET_NAME = "running-club-latest";
			};
			name = Debug;
		};
		0DFB917E2DBB129F00562139 /* Release */ = {
			isa = XCBuildConfiguration;
			buildSettings = {
				CODE_SIGN_STYLE = Automatic;
				CURRENT_PROJECT_VERSION = 1;
				GENERATE_INFOPLIST_FILE = YES;
				MARKETING_VERSION = 1.0;
				PRODUCT_BUNDLE_IDENTIFIER = "com.running-club-latestUITests";
				PRODUCT_NAME = "$(TARGET_NAME)";
				SWIFT_EMIT_LOC_STRINGS = NO;
				SWIFT_VERSION = 5.0;
				TARGETED_DEVICE_FAMILY = "1,2";
				TEST_TARGET_NAME = "running-club-latest";
			};
			name = Release;
		};
/* End XCBuildConfiguration section */

/* Begin XCConfigurationList section */
		0DFB91502DBB129E00562139 /* Build configuration list for PBXProject "com.running-club-latest" */ = {
			isa = XCConfigurationList;
			buildConfigurations = (
				0DFB91742DBB129F00562139 /* Debug */,
				0DFB91752DBB129F00562139 /* Release */,
			);
			defaultConfigurationIsVisible = 0;
			defaultConfigurationName = Release;
		};
		0DFB91762DBB129F00562139 /* Build configuration list for PBXNativeTarget "running-club-latest" */ = {
			isa = XCConfigurationList;
			buildConfigurations = (
				0DFB91772DBB129F00562139 /* Debug */,
				0DFB91782DBB129F00562139 /* Release */,
			);
			defaultConfigurationIsVisible = 0;
			defaultConfigurationName = Release;
		};
		0DFB91792DBB129F00562139 /* Build configuration list for PBXNativeTarget "running-club-latestTests" */ = {
			isa = XCConfigurationList;
			buildConfigurations = (
				0DFB917A2DBB129F00562139 /* Debug */,
				0DFB917B2DBB129F00562139 /* Release */,
			);
			defaultConfigurationIsVisible = 0;
			defaultConfigurationName = Release;
		};
		0DFB917C2DBB129F00562139 /* Build configuration list for PBXNativeTarget "running-club-latestUITests" */ = {
			isa = XCConfigurationList;
			buildConfigurations = (
				0DFB917D2DBB129F00562139 /* Debug */,
				0DFB917E2DBB129F00562139 /* Release */,
			);
			defaultConfigurationIsVisible = 0;
			defaultConfigurationName = Release;
		};
/* End XCConfigurationList section */

/* Begin XCRemoteSwiftPackageReference section */
		0D0BF2612DBB89CD0017701F /* XCRemoteSwiftPackageReference "supabase-swift" */ = {
			isa = XCRemoteSwiftPackageReference;
			repositoryURL = "https://github.com/supabase/supabase-swift.git";
			requirement = {
				kind = upToNextMajorVersion;
				minimumVersion = 2.5.1;
			};
		};
		0DFD2D052DDBDF8800404F73 /* XCRemoteSwiftPackageReference "GoogleSignIn-iOS" */ = {
			isa = XCRemoteSwiftPackageReference;
			repositoryURL = "https://github.com/google/GoogleSignIn-iOS";
			requirement = {
				kind = upToNextMajorVersion;
				minimumVersion = 8.0.0;
			};
		};
/* End XCRemoteSwiftPackageReference section */

/* Begin XCSwiftPackageProductDependency section */
		0D0BF2622DBB89CD0017701F /* Auth */ = {
			isa = XCSwiftPackageProductDependency;
			package = 0D0BF2612DBB89CD0017701F /* XCRemoteSwiftPackageReference "supabase-swift" */;
			productName = Auth;
		};
		0D0BF2642DBB89CD0017701F /* Functions */ = {
			isa = XCSwiftPackageProductDependency;
			package = 0D0BF2612DBB89CD0017701F /* XCRemoteSwiftPackageReference "supabase-swift" */;
			productName = Functions;
		};
		0D0BF2662DBB89CD0017701F /* PostgREST */ = {
			isa = XCSwiftPackageProductDependency;
			package = 0D0BF2612DBB89CD0017701F /* XCRemoteSwiftPackageReference "supabase-swift" */;
			productName = PostgREST;
		};
		0D0BF2682DBB89CD0017701F /* Realtime */ = {
			isa = XCSwiftPackageProductDependency;
			package = 0D0BF2612DBB89CD0017701F /* XCRemoteSwiftPackageReference "supabase-swift" */;
			productName = Realtime;
		};
		0D0BF26A2DBB89CD0017701F /* Storage */ = {
			isa = XCSwiftPackageProductDependency;
			package = 0D0BF2612DBB89CD0017701F /* XCRemoteSwiftPackageReference "supabase-swift" */;
			productName = Storage;
		};
		0D0BF26D2DBB8E860017701F /* Supabase */ = {
			isa = XCSwiftPackageProductDependency;
			package = 0D0BF2612DBB89CD0017701F /* XCRemoteSwiftPackageReference "supabase-swift" */;
			productName = Supabase;
		};
		0DFD2D062DDBDFB300404F73 /* GoogleSignIn */ = {
			isa = XCSwiftPackageProductDependency;
			package = 0DFD2D052DDBDF8800404F73 /* XCRemoteSwiftPackageReference "GoogleSignIn-iOS" */;
			productName = GoogleSignIn;
		};
		0DFD2D082DDBDFB300404F73 /* GoogleSignInSwift */ = {
			isa = XCSwiftPackageProductDependency;
			package = 0DFD2D052DDBDF8800404F73 /* XCRemoteSwiftPackageReference "GoogleSignIn-iOS" */;
			productName = GoogleSignInSwift;
		};
/* End XCSwiftPackageProductDependency section */
	};
	rootObject = 0DFB914D2DBB129E00562139 /* Project object */;
}
